
Microsoft Visual Studio Solution File, Format Version 12.00
# Visual Studio Version 17
VisualStudioVersion = 17.1.32421.90
MinimumVisualStudioVersion = 10.0.40219.1
Project("{FAE04EC0-301F-11D3-BF4B-00C04F79EFBC}") = "Employee_Payroll_MVC", "Employee_Payroll_MVC\Employee_Payroll_MVC.csproj", "{71159A9B-0CEE-4FB1-ADA0-EB098E9039D3}"
EndProject
Project("{FAE04EC0-301F-11D3-BF4B-00C04F79EFBC}") = "BusinessLayer", "BusinessLayer\BusinessLayer.csproj", "{83A3A104-2DD8-4888-8643-249B7D6C2C1E}"
EndProject
Project("{FAE04EC0-301F-11D3-BF4B-00C04F79EFBC}") = "RepositoryLayer", "RepositoryLayer\RepositoryLayer.csproj", "{44B94E34-6A2C-4845-BE3F-62E5BDDCE268}"
EndProject
Project("{FAE04EC0-301F-11D3-BF4B-00C04F79EFBC}") = "DatabaseLayer", "DatabaseLayer\DatabaseLayer.csproj", "{B272C82C-308F-4583-BCB2-8D6BC00628D5}"
EndProject
Global
	GlobalSection(SolutionConfigurationPlatforms) = preSolution
		Debug|Any CPU = Debug|Any CPU
		Release|Any CPU = Release|Any CPU
	EndGlobalSection
	GlobalSection(ProjectConfigurationPlatforms) = postSolution
		{71159A9B-0CEE-4FB1-ADA0-EB098E9039D3}.Debug|Any CPU.ActiveCfg = Debug|Any CPU
		{71159A9B-0CEE-4FB1-ADA0-EB098E9039D3}.Debug|Any CPU.Build.0 = Debug|Any CPU
		{71159A9B-0CEE-4FB1-ADA0-EB098E9039D3}.Release|Any CPU.ActiveCfg = Release|Any CPU
		{71159A9B-0CEE-4FB1-ADA0-EB098E9039D3}.Release|Any CPU.Build.0 = Release|Any CPU
		{83A3A104-2DD8-4888-8643-249B7D6C2C1E}.Debug|Any CPU.ActiveCfg = Debug|Any CPU
		{83A3A104-2DD8-4888-8643-249B7D6C2C1E}.Debug|Any CPU.Build.0 = Debug|Any CPU
		{83A3A104-2DD8-4888-8643-249B7D6C2C1E}.Release|Any CPU.ActiveCfg = Release|Any CPU
		{83A3A104-2DD8-4888-8643-249B7D6C2C1E}.Release|Any CPU.Build.0 = Release|Any CPU
		{44B94E34-6A2C-4845-BE3F-62E5BDDCE268}.Debug|Any CPU.ActiveCfg = Debug|Any CPU
		{44B94E34-6A2C-4845-BE3F-62E5BDDCE268}.Debug|Any CPU.Build.0 = Debug|Any CPU
		{44B94E34-6A2C-4845-BE3F-62E5BDDCE268}.Release|Any CPU.ActiveCfg = Release|Any CPU
		{44B94E34-6A2C-4845-BE3F-62E5BDDCE268}.Release|Any CPU.Build.0 = Release|Any CPU
		{B272C82C-308F-4583-BCB2-8D6BC00628D5}.Debug|Any CPU.ActiveCfg = Debug|Any CPU
		{B272C82C-308F-4583-BCB2-8D6BC00628D5}.Debug|Any CPU.Build.0 = Debug|Any CPU
		{B272C82C-308F-4583-BCB2-8D6BC00628D5}.Release|Any CPU.ActiveCfg = Release|Any CPU
		{B272C82C-308F-4583-BCB2-8D6BC00628D5}.Release|Any CPU.Build.0 = Release|Any CPU
	EndGlobalSection
	GlobalSection(SolutionProperties) = preSolution
		HideSolutionNode = FALSE
	EndGlobalSection
	GlobalSection(ExtensibilityGlobals) = postSolution
		SolutionGuid = {11F3D5F2-69A7-49CC-A928-97E18ED9185F}
	EndGlobalSection
EndGlobal
